
Microsoft Visual Studio Solution File, Format Version 12.00
# Visual Studio 15
VisualStudioVersion = 15.0.27428.2005
MinimumVisualStudioVersion = 10.0.40219.1
Project("{FAE04EC0-301F-11D3-BF4B-00C04F79EFBC}") = "MvcMovie", "MvcMovie\MvcMovie.csproj", "{FEAE715F-5354-4762-972B-F60CA77067C6}"
EndProject
Global
	GlobalSection(SolutionConfigurationPlatforms) = preSolution
		Debug|Any CPU = Debug|Any CPU
		Release|Any CPU = Release|Any CPU
	EndGlobalSection
	GlobalSection(ProjectConfigurationPlatforms) = postSolution
		{FEAE715F-5354-4762-972B-F60CA77067C6}.Debug|Any CPU.ActiveCfg = Debug|Any CPU
		{FEAE715F-5354-4762-972B-F60CA77067C6}.Debug|Any CPU.Build.0 = Debug|Any CPU
		{FEAE715F-5354-4762-972B-F60CA77067C6}.Release|Any CPU.ActiveCfg = Release|Any CPU
		{FEAE715F-5354-4762-972B-F60CA77067C6}.Release|Any CPU.Build.0 = Release|Any CPU
	EndGlobalSection
	GlobalSection(SolutionProperties) = preSolution
		HideSolutionNode = FALSE
	EndGlobalSection
	GlobalSection(ExtensibilityGlobals) = postSolution
		SolutionGuid = {CDEAC4E7-2D12-47CF-A429-4EB69E8777F9}
	EndGlobalSection
EndGlobal
